
Microsoft Visual Studio Solution File, Format Version 12.00
# Visual Studio 15
VisualStudioVersion = 15.0.28010.2046
MinimumVisualStudioVersion = 10.0.40219.1
Project("{FAE04EC0-301F-11D3-BF4B-00C04F79EFBC}") = "ClubineTimothyGroceryCalc", "ClubineTimothyGroceryCalc\ClubineTimothyGroceryCalc.csproj", "{F6948597-5224-47D2-A7F5-15C23DEDBCAF}"
EndProject
Global
	GlobalSection(SolutionConfigurationPlatforms) = preSolution
		Debug|Any CPU = Debug|Any CPU
		Release|Any CPU = Release|Any CPU
	EndGlobalSection
	GlobalSection(ProjectConfigurationPlatforms) = postSolution
		{F6948597-5224-47D2-A7F5-15C23DEDBCAF}.Debug|Any CPU.ActiveCfg = Debug|Any CPU
		{F6948597-5224-47D2-A7F5-15C23DEDBCAF}.Debug|Any CPU.Build.0 = Debug|Any CPU
		{F6948597-5224-47D2-A7F5-15C23DEDBCAF}.Release|Any CPU.ActiveCfg = Release|Any CPU
		{F6948597-5224-47D2-A7F5-15C23DEDBCAF}.Release|Any CPU.Build.0 = Release|Any CPU
	EndGlobalSection
	GlobalSection(SolutionProperties) = preSolution
		HideSolutionNode = FALSE
	EndGlobalSection
	GlobalSection(ExtensibilityGlobals) = postSolution
		SolutionGuid = {B4FCC0E6-0A12-4A35-831F-D4BA807D65AE}
	EndGlobalSection
EndGlobal
