
Microsoft Visual Studio Solution File, Format Version 12.00
# Visual Studio 15
VisualStudioVersion = 15.0.28307.106
MinimumVisualStudioVersion = 10.0.40219.1
Project("{FAE04EC0-301F-11D3-BF4B-00C04F79EFBC}") = "ClubineTimothy_MonsterSlayer", "ClubineTimothy_MonsterSlayer\ClubineTimothy_MonsterSlayer.csproj", "{F81ACA85-0789-416F-B5E8-E2EB33484F58}"
EndProject
Global
	GlobalSection(SolutionConfigurationPlatforms) = preSolution
		Debug|Any CPU = Debug|Any CPU
		Release|Any CPU = Release|Any CPU
	EndGlobalSection
	GlobalSection(ProjectConfigurationPlatforms) = postSolution
		{F81ACA85-0789-416F-B5E8-E2EB33484F58}.Debug|Any CPU.ActiveCfg = Debug|Any CPU
		{F81ACA85-0789-416F-B5E8-E2EB33484F58}.Debug|Any CPU.Build.0 = Debug|Any CPU
		{F81ACA85-0789-416F-B5E8-E2EB33484F58}.Release|Any CPU.ActiveCfg = Release|Any CPU
		{F81ACA85-0789-416F-B5E8-E2EB33484F58}.Release|Any CPU.Build.0 = Release|Any CPU
	EndGlobalSection
	GlobalSection(SolutionProperties) = preSolution
		HideSolutionNode = FALSE
	EndGlobalSection
	GlobalSection(ExtensibilityGlobals) = postSolution
		SolutionGuid = {2D68C34F-24FC-4400-8C04-4E452280D7F8}
	EndGlobalSection
EndGlobal
